# This file was autogenerated by Stack.
# You should not edit this file by hand.
# For more information, please see the documentation at:
#   https://docs.haskellstack.org/en/stable/lock_files

packages:
- completed:
    commit: ca0d0e312bfc429825db77ef00abef836f25c6ee
    git: https://github.com/yakagika/CSVParserT.git
    name: csv-parser
    pantry-tree:
      sha256: 827356ebd2d3d5412074e141db4600b261e1f456fe03fdefa23e935eb9caa378
      size: 734
    version: 0.1.0.0
  original:
    commit: ca0d0e312bfc429825db77ef00abef836f25c6ee
    git: https://github.com/yakagika/CSVParserT.git
snapshots:
- completed:
    sha256: 1b4c2669e26fa828451830ed4725e4d406acc25a1fa24fcc039465dd13d7a575
    size: 714100
    url: https://raw.githubusercontent.com/commercialhaskell/stackage-snapshots/master/lts/22/6.yaml
  original:
    url: https://raw.githubusercontent.com/commercialhaskell/stackage-snapshots/master/lts/22/6.yaml
