# This file was autogenerated by Stack.
# You should not edit this file by hand.
# For more information, please see the documentation at:
#   https://docs.haskellstack.org/en/stable/topics/lock_files

packages:
- completed:
    hackage: exchangealgebra-0.4.1.2@sha256:7f3c4345647ecc82d4390a3fde8a4a92d5991aae9e4bd3e57a7440d5406e2915,3796
    pantry-tree:
      sha256: 977fcac411efc50e6190372bc66f686e0c83f4915af50c60f1d3b765fe156ce3
      size: 1128
  original:
    hackage: exchangealgebra-0.4.1.2
snapshots:
- completed:
    sha256: b96cc8b203559fdd1c1617ebd71e90ea04a2db0d71b416717a2a1d1539d5d5c9
    size: 724735
    url: https://raw.githubusercontent.com/commercialhaskell/stackage-snapshots/master/lts/24/4.yaml
  original: lts-24.4
