# This file was autogenerated by Stack.
# You should not edit this file by hand.
# For more information, please see the documentation at:
#   https://docs.haskellstack.org/en/stable/topics/lock_files

packages:
- completed:
    hackage: exchangealgebra-0.4.1.0@sha256:6869cff6d2dc045e91844ccf40d34a5ee38e4d9ef5b759964aed55aac288d564,3796
    pantry-tree:
      sha256: 5289220c2fb24d84de3f903cbb08943f2af4a556eaccb9e4172e4439a7904091
      size: 1128
  original:
    hackage: exchangealgebra-0.4.1.0
snapshots:
- completed:
    sha256: b96cc8b203559fdd1c1617ebd71e90ea04a2db0d71b416717a2a1d1539d5d5c9
    size: 724735
    url: https://raw.githubusercontent.com/commercialhaskell/stackage-snapshots/master/lts/24/4.yaml
  original: lts-24.4
