# This file was autogenerated by Stack.
# You should not edit this file by hand.
# For more information, please see the documentation at:
#   https://docs.haskellstack.org/en/stable/topics/lock_files

packages:
- completed:
    hackage: exchangealgebra-0.5.2.0@sha256:aa3f1453ac3628eb8517e84296d55b868dbf7c899db80278c45f37a8eff6df9e,9082
    pantry-tree:
      sha256: 3f29b30376fe351f346f749f9be0d1cf8bdd47310a63c852cdde1666d9eacb98
      size: 9070
  original:
    hackage: exchangealgebra-0.5.2.0
snapshots:
- completed:
    sha256: b96cc8b203559fdd1c1617ebd71e90ea04a2db0d71b416717a2a1d1539d5d5c9
    size: 724735
    url: https://raw.githubusercontent.com/commercialhaskell/stackage-snapshots/master/lts/24/4.yaml
  original: lts-24.4
